{
  "name": "promises",
  "version": "1.0.0",
  "lockfileVersion": 1,
  "requires": true,
  "dependencies": {
    "kotlin": {
      "version": "1.6.20",
      "resolved": "https://registry.npmjs.org/kotlin/-/kotlin-1.6.20.tgz",
      "integrity": "sha512-fbzuN3EYeXd1s/uATad4oVyY3yVVMIQfibZTmoaZXdzj71Olefh1rxk6xyHwtEHAParCGVAqnK3n/uHAr1QZCA=="
    }
  }
}
